version: 1
checksums:
  36df50969109c254840359cb14b86cf9:
    fm-attr-title: 67cc5b9b3857534c0ce2f8efb8d2b574
    fm-attr-description: 249cbd1ed989f92614ab3670d16d8e7a
    fm-attr-template: 653fff821beb092b4c0e6d718578544c
    fm-attr-sidebar: 0c3f1d4030bf4f967e9227908e9c6bf2
    fm-attr-hero: 2ee9f5611baf0556d360f97d8d933889
  f22c690c29acf12ec10f0c49e83c20bb:
    md-section-0: 247f65ea7ee9846305901e4d6595dd3b
    md-section-1: e6491c96b79d64af28823a61e5e36a1c
    md-section-2: 572936cbe0f8684b752beb5614e52389
    md-section-3: a84bb7805e308bc18463b607bdd447f5
    md-section-4: f5298d4d629e09e0198c7f5e1d2c4f6d
    md-section-5: 97f5ee9039f75a55ebc7b32ceca5621a
    md-section-6: 51adf33450cab2ef392e93147386647c
    md-section-7: 1d290706fbcd16146e9e3a150645eb45
    md-section-8: 2b728763d35ffd92f18004e4db3965af
    md-section-9: 51adf33450cab2ef392e93147386647c
    md-section-10: 157084663a83800e40826c4db6475323
    md-section-11: 11ba70bfc7ed8b15d8eb6649167b3ed9
    md-section-12: a0f85e5b8647139cfbc7bdd1ee7c2de4
    md-section-13: 46affa22e9ddd00c9fec86e97471ae7e
    md-section-14: 56c6f0a96440ac581dee6eb9e701073b
    md-section-15: b9226f3b3335483caab8d6f759a0c78f
    md-section-16: 4ae1bf2d2ddbb361707ef7d6c12aaa56
    md-section-17: 9974273a7a44389830c39e691eede362
    md-section-18: 51adf33450cab2ef392e93147386647c
    md-section-19: 21a8109cd82eaa93623d150e3a344c49
    md-section-20: 51adf33450cab2ef392e93147386647c
    md-section-21: 2f2f2804de1f45e1e1df97e41f368a1e
    md-section-22: 51adf33450cab2ef392e93147386647c
    md-section-23: 63431cf018dcb17ecdc5975efd751b31
    md-section-24: 0c914f1d5a81a5bec2a5e9d79d6e48bf
    md-section-25: 51adf33450cab2ef392e93147386647c
    md-section-26: e81ed0b4b9cef16914064b4d8d61b781
    md-section-27: bd8d5d39a3290c3929ba4342f75ad792
    md-section-28: e728994a05c9765b3e6ee91a47ad71e9
    md-section-29: fbd8f90e138a54afab282a5ade60cddf
    md-section-30: ab2b7c3c23b5b349d6e6fe04bb90394a
    md-section-31: 7c72c1faa1fc4bedddde766b333a35b9
    md-section-32: 2574b1daa3fb573a6fb034e22182eaa9
    md-section-33: 76d810c34f22c17e41e0db5223fff05a
    fm-attr-title: bd70a4f62d42a6c992a748c05d6d736a
    fm-attr-description: 66f16a28d67910331c777b808cb7e557
    fm-attr-sidebar: 0c3f1d4030bf4f967e9227908e9c6bf2
  94be5295c75cdeb55caf024f87824a91:
    md-section-0: 247f65ea7ee9846305901e4d6595dd3b
    md-section-1: a4086f6670159fb35413db3238aa4127
    md-section-2: 572936cbe0f8684b752beb5614e52389
    md-section-3: a84bb7805e308bc18463b607bdd447f5
    md-section-4: e728994a05c9765b3e6ee91a47ad71e9
    md-section-5: fbd8f90e138a54afab282a5ade60cddf
    md-section-6: f5298d4d629e09e0198c7f5e1d2c4f6d
    md-section-7: bdce9d2a06888f81303c377280b06bd9
    md-section-8: 51adf33450cab2ef392e93147386647c
    md-section-9: 1d290706fbcd16146e9e3a150645eb45
    md-section-10: ffc2edc9aff2ef677e1e3bdb72820646
    md-section-11: 51adf33450cab2ef392e93147386647c
    md-section-12: 157084663a83800e40826c4db6475323
    md-section-13: f8e66d0529c9b07d005f74729a686bd9
    md-section-14: 754ef6aea1418a579388758971c503fb
    md-section-15: 84051fd717fcf75503d57b5a2eb0d779
    md-section-16: 4ae1bf2d2ddbb361707ef7d6c12aaa56
    md-section-17: 9974273a7a44389830c39e691eede362
    md-section-18: 51adf33450cab2ef392e93147386647c
    md-section-19: 0178c6c51a05ee57839157ac9540272c
    md-section-20: 51adf33450cab2ef392e93147386647c
    md-section-21: 2f2f2804de1f45e1e1df97e41f368a1e
    md-section-22: 51adf33450cab2ef392e93147386647c
    md-section-23: bbfff09f5916bc6fb193e2fe88a81b39
    md-section-24: ab2b7c3c23b5b349d6e6fe04bb90394a
    md-section-25: d9f54e6016f822248c81f1086244f607
    md-section-26: 2574b1daa3fb573a6fb034e22182eaa9
    md-section-27: 76d810c34f22c17e41e0db5223fff05a
    md-section-28: 9b58e0efa47986a7a6fdcc93f49e05f9
    md-section-29: 2c52b87c98eb1ae2a1393ce791d62373
    fm-attr-title: bd70a4f62d42a6c992a748c05d6d736a
    fm-attr-description: 66f16a28d67910331c777b808cb7e557
  280dddaca52377a467dd73c23d3e9d1b:
    md-section-0: dd2c9d2272ec4fa94a823e822ae21d1c
    md-section-1: e2364dd47334d5a3163fed9634a11555
    md-section-2: b4686b472ef3112c2f56fb0aa01812cf
    md-section-3: 8fac03a5e02fa4f48924bafbcd3be7c1
    md-section-4: d9b49fb642d1cb6761df20f9d24e1618
    md-section-5: 9192e6c285764c8f6746dcb7e23217e3
    md-section-6: add368f5cedad7edb05bb6bcee2086b5
    md-section-7: 5e2951fe08462be941f35a682a59c39e
    md-section-8: 47be4959a0aa32dee827bb5db407df37
    md-section-9: dafdfab2f8ae76c5601665c9a8e5d580
    md-section-10: a35d7e8fbbf72267c6a217cce1342c2d
    md-section-11: 3800c3741ed2c4a0713e1f5dfe0400f1
    md-section-12: 84b279b73bd0d332faed1fc509635e74
    fm-attr-title: fdacd0b5e7394499ef1d0d572be16b81
    fm-attr-description: 4110b4267cc18342f3a348532d84208b
