version: 1
checksums:
  bb7fabb0bd01508c8688ed32a7b20de2:
    md-section-0: 28346f4b6a7361968e99579ccb306b40
    md-section-1: 4b4b62467bd44437c18bba5c8ab5cda8
    md-section-2: e4a21c8268284a203ad0a083656fafee
    md-section-3: f5298d4d629e09e0198c7f5e1d2c4f6d
    md-section-4: c2b01887172e8ece80e5d01d28c0c41e
    md-section-5: 51adf33450cab2ef392e93147386647c
    md-section-6: 740d7249328dada76a114e37dcd46e67
    md-section-7: 11ba70bfc7ed8b15d8eb6649167b3ed9
    md-section-8: 0f78a305d8eeef573490912be0e50c6c
    md-section-9: 46affa22e9ddd00c9fec86e97471ae7e
    md-section-10: 8c66a4a76c7782fa4d5e0948ae3ed006
    md-section-11: b9226f3b3335483caab8d6f759a0c78f
    md-section-12: 4ae1bf2d2ddbb361707ef7d6c12aaa56
    md-section-13: 9974273a7a44389830c39e691eede362
    md-section-14: 51adf33450cab2ef392e93147386647c
    md-section-15: 2f2f2804de1f45e1e1df97e41f368a1e
    md-section-16: 51adf33450cab2ef392e93147386647c
    md-section-17: 63431cf018dcb17ecdc5975efd751b31
    md-section-18: 0c914f1d5a81a5bec2a5e9d79d6e48bf
    md-section-19: 51adf33450cab2ef392e93147386647c
    md-section-20: e81ed0b4b9cef16914064b4d8d61b781
    md-section-21: bd8d5d39a3290c3929ba4342f75ad792
    md-section-22: e728994a05c9765b3e6ee91a47ad71e9
    md-section-23: d9d774ebe4c754144cccf3253b0b81a7
    md-section-24: 8f211c45bb8eaf57703cf2d08745ce07
    md-section-25: c22764c9e9c98b1615e3b63ce6d67a97
    md-section-26: 2574b1daa3fb573a6fb034e22182eaa9
    md-section-27: 2d1ad5b43374adbe6eae7f9d3aa222c5
    fm-attr-title: 390715efbd07da58d10efb2b9588e9a1
    fm-attr-description: 282199abb738509c1d639674343ad639
  36df50969109c254840359cb14b86cf9:
    fm-attr-title: 67cc5b9b3857534c0ce2f8efb8d2b574
    fm-attr-description: 249cbd1ed989f92614ab3670d16d8e7a
    fm-attr-template: 653fff821beb092b4c0e6d718578544c
    fm-attr-sidebar: 0c3f1d4030bf4f967e9227908e9c6bf2
    fm-attr-hero: 2ee9f5611baf0556d360f97d8d933889
  280dddaca52377a467dd73c23d3e9d1b:
    md-section-0: dd2c9d2272ec4fa94a823e822ae21d1c
    md-section-1: e2364dd47334d5a3163fed9634a11555
    md-section-2: b4686b472ef3112c2f56fb0aa01812cf
    md-section-3: 8fac03a5e02fa4f48924bafbcd3be7c1
    md-section-4: d9b49fb642d1cb6761df20f9d24e1618
    md-section-5: 9192e6c285764c8f6746dcb7e23217e3
    md-section-6: add368f5cedad7edb05bb6bcee2086b5
    md-section-7: 876f0f5752fe4043e59668c78e279709
    md-section-8: 6cae028da36e2230ec8061b42ef5ce65
    md-section-9: dafdfab2f8ae76c5601665c9a8e5d580
    md-section-10: 090c4c45421a2473c1083072827c8cbd
    md-section-11: 3800c3741ed2c4a0713e1f5dfe0400f1
    md-section-12: 84b279b73bd0d332faed1fc509635e74
    fm-attr-title: fdacd0b5e7394499ef1d0d572be16b81
    fm-attr-description: 4110b4267cc18342f3a348532d84208b
